{
  "version": "5",
  "specifiers": {
    "jsr:@printers/printers@~0.4.3": "0.4.3"
  },
  "jsr": {
    "@printers/printers@0.4.3": {
      "integrity": "d0d344bb1156f3201c7278d9acd1987d7045cee975bc097b2e06b6aa3e42ad12",
      "dependencies": [
        "jsr:@printers/printers"
      ]
    }
  },
  "workspace": {
    "dependencies": [
      "jsr:@printers/printers@~0.4.3"
    ]
  }
}
